
Microsoft Visual Studio Solution File, Format Version 10.00
# Visual Studio 2008
Project("{FAE04EC0-301F-11D3-BF4B-00C04F79EFBC}") = "Ijw.Skeletal", "Ijw.Skeletal\Ijw.Skeletal.csproj", "{A1881B42-0A0C-4345-8A44-0FC4836679B1}"
EndProject
Project("{FAE04EC0-301F-11D3-BF4B-00C04F79EFBC}") = "Ijw.Skeletal.Tests", "Ijw.Skeletal.Tests\Ijw.Skeletal.Tests.csproj", "{455213F6-AB64-47AD-B565-62F78AC0A39F}"
EndProject
Global
	GlobalSection(SolutionConfigurationPlatforms) = preSolution
		Debug|Any CPU = Debug|Any CPU
		Release|Any CPU = Release|Any CPU
	EndGlobalSection
	GlobalSection(ProjectConfigurationPlatforms) = postSolution
		{A1881B42-0A0C-4345-8A44-0FC4836679B1}.Debug|Any CPU.ActiveCfg = Debug|Any CPU
		{A1881B42-0A0C-4345-8A44-0FC4836679B1}.Debug|Any CPU.Build.0 = Debug|Any CPU
		{A1881B42-0A0C-4345-8A44-0FC4836679B1}.Release|Any CPU.ActiveCfg = Release|Any CPU
		{A1881B42-0A0C-4345-8A44-0FC4836679B1}.Release|Any CPU.Build.0 = Release|Any CPU
		{455213F6-AB64-47AD-B565-62F78AC0A39F}.Debug|Any CPU.ActiveCfg = Debug|Any CPU
		{455213F6-AB64-47AD-B565-62F78AC0A39F}.Debug|Any CPU.Build.0 = Debug|Any CPU
		{455213F6-AB64-47AD-B565-62F78AC0A39F}.Release|Any CPU.ActiveCfg = Release|Any CPU
		{455213F6-AB64-47AD-B565-62F78AC0A39F}.Release|Any CPU.Build.0 = Release|Any CPU
	EndGlobalSection
	GlobalSection(SolutionProperties) = preSolution
		HideSolutionNode = FALSE
	EndGlobalSection
EndGlobal
